
Microsoft Visual Studio Solution File, Format Version 12.00
# Visual Studio 15
VisualStudioVersion = 15.0.28307.902
MinimumVisualStudioVersion = 10.0.40219.1
Project("{9A19103F-16F7-4668-BE54-9A1E7A4F7556}") = "HRMS", "HRMS\HRMS.csproj", "{07B0FD4D-D97E-4B96-AD19-1FAC217EE4D6}"
EndProject
Project("{FAE04EC0-301F-11D3-BF4B-00C04F79EFBC}") = "RDLCDesign", "RDLCDesign\RDLCDesign.csproj", "{2E734B5C-5ADC-4441-BC92-A08B85DA93FA}"
EndProject
Global
	GlobalSection(SolutionConfigurationPlatforms) = preSolution
		Debug|Any CPU = Debug|Any CPU
		Release|Any CPU = Release|Any CPU
	EndGlobalSection
	GlobalSection(ProjectConfigurationPlatforms) = postSolution
		{07B0FD4D-D97E-4B96-AD19-1FAC217EE4D6}.Debug|Any CPU.ActiveCfg = Debug|Any CPU
		{07B0FD4D-D97E-4B96-AD19-1FAC217EE4D6}.Debug|Any CPU.Build.0 = Debug|Any CPU
		{07B0FD4D-D97E-4B96-AD19-1FAC217EE4D6}.Release|Any CPU.ActiveCfg = Release|Any CPU
		{07B0FD4D-D97E-4B96-AD19-1FAC217EE4D6}.Release|Any CPU.Build.0 = Release|Any CPU
		{2E734B5C-5ADC-4441-BC92-A08B85DA93FA}.Debug|Any CPU.ActiveCfg = Debug|Any CPU
		{2E734B5C-5ADC-4441-BC92-A08B85DA93FA}.Debug|Any CPU.Build.0 = Debug|Any CPU
		{2E734B5C-5ADC-4441-BC92-A08B85DA93FA}.Release|Any CPU.ActiveCfg = Release|Any CPU
		{2E734B5C-5ADC-4441-BC92-A08B85DA93FA}.Release|Any CPU.Build.0 = Release|Any CPU
	EndGlobalSection
	GlobalSection(SolutionProperties) = preSolution
		HideSolutionNode = FALSE
	EndGlobalSection
	GlobalSection(ExtensibilityGlobals) = postSolution
		SolutionGuid = {215C15A0-9B0A-4834-A8CC-468D1453ADBB}
	EndGlobalSection
EndGlobal
